
Microsoft Visual Studio Solution File, Format Version 12.00
# Visual Studio Version 16
VisualStudioVersion = 16.0.28803.352
MinimumVisualStudioVersion = 10.0.40219.1
Project("{9A19103F-16F7-4668-BE54-9A1E7A4F7556}") = "GBCLV3", "GBCLV3\GBCLV3.csproj", "{509B9E05-0B99-448A-B2E4-E1E0ED105D47}"
EndProject
Project("{9A19103F-16F7-4668-BE54-9A1E7A4F7556}") = "GBCLV3.Tests", "GBCLV3.Tests\GBCLV3.Tests.csproj", "{73B5B37F-E973-4C0B-A578-2D331AF9EB1C}"
EndProject
Global
	GlobalSection(SolutionConfigurationPlatforms) = preSolution
		Debug|Any CPU = Debug|Any CPU
		Debug|x64 = Debug|x64
		Release|Any CPU = Release|Any CPU
		Release|x64 = Release|x64
	EndGlobalSection
	GlobalSection(ProjectConfigurationPlatforms) = postSolution
		{509B9E05-0B99-448A-B2E4-E1E0ED105D47}.Debug|Any CPU.ActiveCfg = Debug|Any CPU
		{509B9E05-0B99-448A-B2E4-E1E0ED105D47}.Debug|Any CPU.Build.0 = Debug|Any CPU
		{509B9E05-0B99-448A-B2E4-E1E0ED105D47}.Debug|x64.ActiveCfg = Debug|x64
		{509B9E05-0B99-448A-B2E4-E1E0ED105D47}.Debug|x64.Build.0 = Debug|x64
		{509B9E05-0B99-448A-B2E4-E1E0ED105D47}.Release|Any CPU.ActiveCfg = Release|Any CPU
		{509B9E05-0B99-448A-B2E4-E1E0ED105D47}.Release|Any CPU.Build.0 = Release|Any CPU
		{509B9E05-0B99-448A-B2E4-E1E0ED105D47}.Release|x64.ActiveCfg = Release|x64
		{509B9E05-0B99-448A-B2E4-E1E0ED105D47}.Release|x64.Build.0 = Release|x64
		{73B5B37F-E973-4C0B-A578-2D331AF9EB1C}.Debug|Any CPU.ActiveCfg = Debug|Any CPU
		{73B5B37F-E973-4C0B-A578-2D331AF9EB1C}.Debug|Any CPU.Build.0 = Debug|Any CPU
		{73B5B37F-E973-4C0B-A578-2D331AF9EB1C}.Debug|x64.ActiveCfg = Debug|x64
		{73B5B37F-E973-4C0B-A578-2D331AF9EB1C}.Debug|x64.Build.0 = Debug|x64
		{73B5B37F-E973-4C0B-A578-2D331AF9EB1C}.Release|Any CPU.ActiveCfg = Release|Any CPU
		{73B5B37F-E973-4C0B-A578-2D331AF9EB1C}.Release|Any CPU.Build.0 = Release|Any CPU
		{73B5B37F-E973-4C0B-A578-2D331AF9EB1C}.Release|x64.ActiveCfg = Release|Any CPU
		{73B5B37F-E973-4C0B-A578-2D331AF9EB1C}.Release|x64.Build.0 = Release|Any CPU
	EndGlobalSection
	GlobalSection(SolutionProperties) = preSolution
		HideSolutionNode = FALSE
	EndGlobalSection
	GlobalSection(ExtensibilityGlobals) = postSolution
		SolutionGuid = {4CA13B53-E628-4DC4-A0BA-EF3D6E504C9D}
	EndGlobalSection
EndGlobal
